
Microsoft Visual Studio Solution File, Format Version 12.00
# Visual Studio Version 17
VisualStudioVersion = 17.7.34024.191
MinimumVisualStudioVersion = 10.0.40219.1
Project("{FAE04EC0-301F-11D3-BF4B-00C04F79EFBC}") = "Agendamento", "Agendamento.csproj", "{803098A5-0211-495D-9DA8-540788C41D1C}"
EndProject
Global
	GlobalSection(SolutionConfigurationPlatforms) = preSolution
		Debug|Any CPU = Debug|Any CPU
		Release|Any CPU = Release|Any CPU
	EndGlobalSection
	GlobalSection(ProjectConfigurationPlatforms) = postSolution
		{803098A5-0211-495D-9DA8-540788C41D1C}.Debug|Any CPU.ActiveCfg = Debug|Any CPU
		{803098A5-0211-495D-9DA8-540788C41D1C}.Debug|Any CPU.Build.0 = Debug|Any CPU
		{803098A5-0211-495D-9DA8-540788C41D1C}.Release|Any CPU.ActiveCfg = Release|Any CPU
		{803098A5-0211-495D-9DA8-540788C41D1C}.Release|Any CPU.Build.0 = Release|Any CPU
	EndGlobalSection
	GlobalSection(SolutionProperties) = preSolution
		HideSolutionNode = FALSE
	EndGlobalSection
	GlobalSection(ExtensibilityGlobals) = postSolution
		SolutionGuid = {D2351821-339A-4B80-AF7D-0866EB74B7F8}
	EndGlobalSection
EndGlobal
